{
  "name": "reason",
  "version": "0.1.0",
  "lockfileVersion": 1,
  "requires": true,
  "dependencies": {
    "bs-moment": {
      "version": "0.1.8",
      "resolved": "https://registry.npmjs.org/bs-moment/-/bs-moment-0.1.8.tgz",
      "integrity": "sha1-BYg5jsi6fjSYebH8zl1Kv/9CYJg="
    },
    "bs-platform": {
      "version": "2.0.0",
      "resolved": "https://registry.npmjs.org/bs-platform/-/bs-platform-2.0.0.tgz",
      "integrity": "sha1-F+5gf6gp9nuLkgQ468pewd6rMnY=",
      "dev": true
    },
    "moment": {
      "version": "2.19.1",
      "resolved": "https://registry.npmjs.org/moment/-/moment-2.19.1.tgz",
      "integrity": "sha1-VtoaLRy/AdOLfhr8McELz6GSkWc="
    },
    "transit-js": {
      "version": "0.8.846",
      "resolved": "https://registry.npmjs.org/transit-js/-/transit-js-0.8.846.tgz",
      "integrity": "sha1-duBujw5r4nZ140QhEvXJu3U0NGQ="
    }
  }
}
